
Microsoft Visual Studio Solution File, Format Version 12.00
# Visual Studio Version 17
VisualStudioVersion = 17.10.34928.147
MinimumVisualStudioVersion = 10.0.40219.1
Project("{8BC9CEB8-8B4A-11D0-8D11-00A0C91BC942}") = "Module5-2Assignment", "Module5-2Assignment\Module5-2Assignment.vcxproj", "{6FB3ED80-88D8-47E9-970C-5093188F221A}"
EndProject
Global
	GlobalSection(SolutionConfigurationPlatforms) = preSolution
		Debug|x64 = Debug|x64
		Debug|x86 = Debug|x86
		Release|x64 = Release|x64
		Release|x86 = Release|x86
	EndGlobalSection
	GlobalSection(ProjectConfigurationPlatforms) = postSolution
		{6FB3ED80-88D8-47E9-970C-5093188F221A}.Debug|x64.ActiveCfg = Debug|x64
		{6FB3ED80-88D8-47E9-970C-5093188F221A}.Debug|x64.Build.0 = Debug|x64
		{6FB3ED80-88D8-47E9-970C-5093188F221A}.Debug|x86.ActiveCfg = Debug|Win32
		{6FB3ED80-88D8-47E9-970C-5093188F221A}.Debug|x86.Build.0 = Debug|Win32
		{6FB3ED80-88D8-47E9-970C-5093188F221A}.Release|x64.ActiveCfg = Release|x64
		{6FB3ED80-88D8-47E9-970C-5093188F221A}.Release|x64.Build.0 = Release|x64
		{6FB3ED80-88D8-47E9-970C-5093188F221A}.Release|x86.ActiveCfg = Release|Win32
		{6FB3ED80-88D8-47E9-970C-5093188F221A}.Release|x86.Build.0 = Release|Win32
	EndGlobalSection
	GlobalSection(SolutionProperties) = preSolution
		HideSolutionNode = FALSE
	EndGlobalSection
	GlobalSection(ExtensibilityGlobals) = postSolution
		SolutionGuid = {0F23DCBA-BBD0-467C-A49E-10891C0819D8}
	EndGlobalSection
EndGlobal
